# This file is automatically @generated by Poetry 1.8.3 and should not be changed by hand.

[[package]]
name = "nkf"
version = "1.0.4"
description = "Python Interface to NKF"
optional = false
python-versions = ">=3.9"
files = [
    {file = "nkf-1.0.4.tar.gz", hash = "sha256:7eda1424883d351ae8f28ada4ca6cf423ec47c63745d83d4c0c6b8817192b601"},
]

[metadata]
lock-version = "2.0"
python-versions = "^3.11"
content-hash = "ac6b276ea93df2b3ed00e3690c5b2502208cff42bb419080db212d2d0d96642e"
